// !$*UTF8*$!
{
	archiveVersion = 1;
	classes = {
	};
	objectVersion = 56;
	objects = {

/* Begin PBXBuildFile section */
		683C4CC3290B58650026941B /* CheckedContinuationBootcamp.swift in Sources */ = {isa = PBXBuildFile; fileRef = 683C4CC2290B58650026941B /* CheckedContinuationBootcamp.swift */; };
		683C4CC5290B68580026941B /* StructClassActorBootcamp.swift in Sources */ = {isa = PBXBuildFile; fileRef = 683C4CC4290B68580026941B /* StructClassActorBootcamp.swift */; };
		6843C801290D6264003B7942 /* GlobalActorBootcamp.swift in Sources */ = {isa = PBXBuildFile; fileRef = 6843C800290D6264003B7942 /* GlobalActorBootcamp.swift */; };
		684E05472909103900E5ED2B /* SwiftConcurrencyBootcampApp.swift in Sources */ = {isa = PBXBuildFile; fileRef = 684E05462909103900E5ED2B /* SwiftConcurrencyBootcampApp.swift */; };
		684E05492909103900E5ED2B /* ContentView.swift in Sources */ = {isa = PBXBuildFile; fileRef = 684E05482909103900E5ED2B /* ContentView.swift */; };
		684E054B2909103B00E5ED2B /* Assets.xcassets in Resources */ = {isa = PBXBuildFile; fileRef = 684E054A2909103B00E5ED2B /* Assets.xcassets */; };
		684E054E2909103B00E5ED2B /* Preview Assets.xcassets in Resources */ = {isa = PBXBuildFile; fileRef = 684E054D2909103B00E5ED2B /* Preview Assets.xcassets */; };
		684E05552909106B00E5ED2B /* DoCatchTryThrowsBootcamp.swift in Sources */ = {isa = PBXBuildFile; fileRef = 684E05542909106B00E5ED2B /* DoCatchTryThrowsBootcamp.swift */; };
		684E05572909658C00E5ED2B /* DownloadImageAsync.swift in Sources */ = {isa = PBXBuildFile; fileRef = 684E05562909658C00E5ED2B /* DownloadImageAsync.swift */; };
		684E0559290A0AD000E5ED2B /* AsyncAwaitBootcamp.swift in Sources */ = {isa = PBXBuildFile; fileRef = 684E0558290A0AD000E5ED2B /* AsyncAwaitBootcamp.swift */; };
		684E055B290A16F000E5ED2B /* TaskBootcamp.swift in Sources */ = {isa = PBXBuildFile; fileRef = 684E055A290A16F000E5ED2B /* TaskBootcamp.swift */; };
		684E055D290A4A6700E5ED2B /* AsyncLetBootcamp.swift in Sources */ = {isa = PBXBuildFile; fileRef = 684E055C290A4A6700E5ED2B /* AsyncLetBootcamp.swift */; };
		684E055F290A5A5800E5ED2B /* TaskGroupBootcamp.swift in Sources */ = {isa = PBXBuildFile; fileRef = 684E055E290A5A5800E5ED2B /* TaskGroupBootcamp.swift */; };
		68B80FEF290DF72200EC1734 /* SendableBootcamp.swift in Sources */ = {isa = PBXBuildFile; fileRef = 68B80FEE290DF72200EC1734 /* SendableBootcamp.swift */; };
		68B80FF1290E0E5000EC1734 /* AsyncPublisherBootcamp.swift in Sources */ = {isa = PBXBuildFile; fileRef = 68B80FF0290E0E5000EC1734 /* AsyncPublisherBootcamp.swift */; };
		68D42B48290C165000EA6022 /* ActorsBootcamp.swift in Sources */ = {isa = PBXBuildFile; fileRef = 68D42B47290C165000EA6022 /* ActorsBootcamp.swift */; };
/* End PBXBuildFile section */

/* Begin PBXFileReference section */
		683C4CC2290B58650026941B /* CheckedContinuationBootcamp.swift */ = {isa = PBXFileReference; lastKnownFileType = sourcecode.swift; path = CheckedContinuationBootcamp.swift; sourceTree = "<group>"; };
		683C4CC4290B68580026941B /* StructClassActorBootcamp.swift */ = {isa = PBXFileReference; lastKnownFileType = sourcecode.swift; path = StructClassActorBootcamp.swift; sourceTree = "<group>"; };
		6843C800290D6264003B7942 /* GlobalActorBootcamp.swift */ = {isa = PBXFileReference; lastKnownFileType = sourcecode.swift; path = GlobalActorBootcamp.swift; sourceTree = "<group>"; };
		684E05432909103900E5ED2B /* SwiftConcurrencyBootcamp.app */ = {isa = PBXFileReference; explicitFileType = wrapper.application; includeInIndex = 0; path = SwiftConcurrencyBootcamp.app; sourceTree = BUILT_PRODUCTS_DIR; };
		684E05462909103900E5ED2B /* SwiftConcurrencyBootcampApp.swift */ = {isa = PBXFileReference; lastKnownFileType = sourcecode.swift; path = SwiftConcurrencyBootcampApp.swift; sourceTree = "<group>"; };
		684E05482909103900E5ED2B /* ContentView.swift */ = {isa = PBXFileReference; lastKnownFileType = sourcecode.swift; path = ContentView.swift; sourceTree = "<group>"; };
		684E054A2909103B00E5ED2B /* Assets.xcassets */ = {isa = PBXFileReference; lastKnownFileType = folder.assetcatalog; path = Assets.xcassets; sourceTree = "<group>"; };
		684E054D2909103B00E5ED2B /* Preview Assets.xcassets */ = {isa = PBXFileReference; lastKnownFileType = folder.assetcatalog; path = "Preview Assets.xcassets"; sourceTree = "<group>"; };
		684E05542909106B00E5ED2B /* DoCatchTryThrowsBootcamp.swift */ = {isa = PBXFileReference; lastKnownFileType = sourcecode.swift; path = DoCatchTryThrowsBootcamp.swift; sourceTree = "<group>"; };
		684E05562909658C00E5ED2B /* DownloadImageAsync.swift */ = {isa = PBXFileReference; lastKnownFileType = sourcecode.swift; path = DownloadImageAsync.swift; sourceTree = "<group>"; };
		684E0558290A0AD000E5ED2B /* AsyncAwaitBootcamp.swift */ = {isa = PBXFileReference; lastKnownFileType = sourcecode.swift; path = AsyncAwaitBootcamp.swift; sourceTree = "<group>"; };
		684E055A290A16F000E5ED2B /* TaskBootcamp.swift */ = {isa = PBXFileReference; lastKnownFileType = sourcecode.swift; path = TaskBootcamp.swift; sourceTree = "<group>"; };
		684E055C290A4A6700E5ED2B /* AsyncLetBootcamp.swift */ = {isa = PBXFileReference; lastKnownFileType = sourcecode.swift; path = AsyncLetBootcamp.swift; sourceTree = "<group>"; };
		684E055E290A5A5800E5ED2B /* TaskGroupBootcamp.swift */ = {isa = PBXFileReference; lastKnownFileType = sourcecode.swift; path = TaskGroupBootcamp.swift; sourceTree = "<group>"; };
		68B80FEE290DF72200EC1734 /* SendableBootcamp.swift */ = {isa = PBXFileReference; lastKnownFileType = sourcecode.swift; path = SendableBootcamp.swift; sourceTree = "<group>"; };
		68B80FF0290E0E5000EC1734 /* AsyncPublisherBootcamp.swift */ = {isa = PBXFileReference; lastKnownFileType = sourcecode.swift; path = AsyncPublisherBootcamp.swift; sourceTree = "<group>"; };
		68D42B47290C165000EA6022 /* ActorsBootcamp.swift */ = {isa = PBXFileReference; lastKnownFileType = sourcecode.swift; path = ActorsBootcamp.swift; sourceTree = "<group>"; };
/* End PBXFileReference section */

/* Begin PBXFrameworksBuildPhase section */
		684E05402909103900E5ED2B /* Frameworks */ = {
			isa = PBXFrameworksBuildPhase;
			buildActionMask = 2147483647;
			files = (
			);
			runOnlyForDeploymentPostprocessing = 0;
		};
/* End PBXFrameworksBuildPhase section */

/* Begin PBXGroup section */
		684E053A2909103900E5ED2B = {
			isa = PBXGroup;
			children = (
				684E05452909103900E5ED2B /* SwiftConcurrencyBootcamp */,
				684E05442909103900E5ED2B /* Products */,
			);
			sourceTree = "<group>";
		};
		684E05442909103900E5ED2B /* Products */ = {
			isa = PBXGroup;
			children = (
				684E05432909103900E5ED2B /* SwiftConcurrencyBootcamp.app */,
			);
			name = Products;
			sourceTree = "<group>";
		};
		684E05452909103900E5ED2B /* SwiftConcurrencyBootcamp */ = {
			isa = PBXGroup;
			children = (
				684E05462909103900E5ED2B /* SwiftConcurrencyBootcampApp.swift */,
				684E05482909103900E5ED2B /* ContentView.swift */,
				684E05542909106B00E5ED2B /* DoCatchTryThrowsBootcamp.swift */,
				684E05562909658C00E5ED2B /* DownloadImageAsync.swift */,
				684E0558290A0AD000E5ED2B /* AsyncAwaitBootcamp.swift */,
				684E055A290A16F000E5ED2B /* TaskBootcamp.swift */,
				684E055C290A4A6700E5ED2B /* AsyncLetBootcamp.swift */,
				684E055E290A5A5800E5ED2B /* TaskGroupBootcamp.swift */,
				683C4CC2290B58650026941B /* CheckedContinuationBootcamp.swift */,
				683C4CC4290B68580026941B /* StructClassActorBootcamp.swift */,
				68D42B47290C165000EA6022 /* ActorsBootcamp.swift */,
				6843C800290D6264003B7942 /* GlobalActorBootcamp.swift */,
				68B80FEE290DF72200EC1734 /* SendableBootcamp.swift */,
				68B80FF0290E0E5000EC1734 /* AsyncPublisherBootcamp.swift */,
				684E054A2909103B00E5ED2B /* Assets.xcassets */,
				684E054C2909103B00E5ED2B /* Preview Content */,
			);
			path = SwiftConcurrencyBootcamp;
			sourceTree = "<group>";
		};
		684E054C2909103B00E5ED2B /* Preview Content */ = {
			isa = PBXGroup;
			children = (
				684E054D2909103B00E5ED2B /* Preview Assets.xcassets */,
			);
			path = "Preview Content";
			sourceTree = "<group>";
		};
/* End PBXGroup section */

/* Begin PBXNativeTarget section */
		684E05422909103900E5ED2B /* SwiftConcurrencyBootcamp */ = {
			isa = PBXNativeTarget;
			buildConfigurationList = 684E05512909103B00E5ED2B /* Build configuration list for PBXNativeTarget "SwiftConcurrencyBootcamp" */;
			buildPhases = (
				684E053F2909103900E5ED2B /* Sources */,
				684E05402909103900E5ED2B /* Frameworks */,
				684E05412909103900E5ED2B /* Resources */,
			);
			buildRules = (
			);
			dependencies = (
			);
			name = SwiftConcurrencyBootcamp;
			productName = SwiftConcurrencyBootcamp;
			productReference = 684E05432909103900E5ED2B /* SwiftConcurrencyBootcamp.app */;
			productType = "com.apple.product-type.application";
		};
/* End PBXNativeTarget section */

/* Begin PBXProject section */
		684E053B2909103900E5ED2B /* Project object */ = {
			isa = PBXProject;
			attributes = {
				BuildIndependentTargetsInParallel = 1;
				LastSwiftUpdateCheck = 1400;
				LastUpgradeCheck = 1400;
				TargetAttributes = {
					684E05422909103900E5ED2B = {
						CreatedOnToolsVersion = 14.0.1;
					};
				};
			};
			buildConfigurationList = 684E053E2909103900E5ED2B /* Build configuration list for PBXProject "SwiftConcurrencyBootcamp" */;
			compatibilityVersion = "Xcode 14.0";
			developmentRegion = en;
			hasScannedForEncodings = 0;
			knownRegions = (
				en,
				Base,
			);
			mainGroup = 684E053A2909103900E5ED2B;
			productRefGroup = 684E05442909103900E5ED2B /* Products */;
			projectDirPath = "";
			projectRoot = "";
			targets = (
				684E05422909103900E5ED2B /* SwiftConcurrencyBootcamp */,
			);
		};
/* End PBXProject section */

/* Begin PBXResourcesBuildPhase section */
		684E05412909103900E5ED2B /* Resources */ = {
			isa = PBXResourcesBuildPhase;
			buildActionMask = 2147483647;
			files = (
				684E054E2909103B00E5ED2B /* Preview Assets.xcassets in Resources */,
				684E054B2909103B00E5ED2B /* Assets.xcassets in Resources */,
			);
			runOnlyForDeploymentPostprocessing = 0;
		};
/* End PBXResourcesBuildPhase section */

/* Begin PBXSourcesBuildPhase section */
		684E053F2909103900E5ED2B /* Sources */ = {
			isa = PBXSourcesBuildPhase;
			buildActionMask = 2147483647;
			files = (
				684E05572909658C00E5ED2B /* DownloadImageAsync.swift in Sources */,
				684E05552909106B00E5ED2B /* DoCatchTryThrowsBootcamp.swift in Sources */,
				684E05492909103900E5ED2B /* ContentView.swift in Sources */,
				68D42B48290C165000EA6022 /* ActorsBootcamp.swift in Sources */,
				683C4CC3290B58650026941B /* CheckedContinuationBootcamp.swift in Sources */,
				683C4CC5290B68580026941B /* StructClassActorBootcamp.swift in Sources */,
				684E055B290A16F000E5ED2B /* TaskBootcamp.swift in Sources */,
				6843C801290D6264003B7942 /* GlobalActorBootcamp.swift in Sources */,
				68B80FEF290DF72200EC1734 /* SendableBootcamp.swift in Sources */,
				684E0559290A0AD000E5ED2B /* AsyncAwaitBootcamp.swift in Sources */,
				68B80FF1290E0E5000EC1734 /* AsyncPublisherBootcamp.swift in Sources */,
				684E05472909103900E5ED2B /* SwiftConcurrencyBootcampApp.swift in Sources */,
				684E055D290A4A6700E5ED2B /* AsyncLetBootcamp.swift in Sources */,
				684E055F290A5A5800E5ED2B /* TaskGroupBootcamp.swift in Sources */,
			);
			runOnlyForDeploymentPostprocessing = 0;
		};
/* End PBXSourcesBuildPhase section */

/* Begin XCBuildConfiguration section */
		684E054F2909103B00E5ED2B /* Debug */ = {
			isa = XCBuildConfiguration;
			buildSettings = {
				ALWAYS_SEARCH_USER_PATHS = NO;
				CLANG_ANALYZER_NONNULL = YES;
				CLANG_ANALYZER_NUMBER_OBJECT_CONVERSION = YES_AGGRESSIVE;
				CLANG_CXX_LANGUAGE_STANDARD = "gnu++20";
				CLANG_ENABLE_MODULES = YES;
				CLANG_ENABLE_OBJC_ARC = YES;
				CLANG_ENABLE_OBJC_WEAK = YES;
				CLANG_WARN_BLOCK_CAPTURE_AUTORELEASING = YES;
				CLANG_WARN_BOOL_CONVERSION = YES;
				CLANG_WARN_COMMA = YES;
				CLANG_WARN_CONSTANT_CONVERSION = YES;
				CLANG_WARN_DEPRECATED_OBJC_IMPLEMENTATIONS = YES;
				CLANG_WARN_DIRECT_OBJC_ISA_USAGE = YES_ERROR;
				CLANG_WARN_DOCUMENTATION_COMMENTS = YES;
				CLANG_WARN_EMPTY_BODY = YES;
				CLANG_WARN_ENUM_CONVERSION = YES;
				CLANG_WARN_INFINITE_RECURSION = YES;
				CLANG_WARN_INT_CONVERSION = YES;
				CLANG_WARN_NON_LITERAL_NULL_CONVERSION = YES;
				CLANG_WARN_OBJC_IMPLICIT_RETAIN_SELF = YES;
				CLANG_WARN_OBJC_LITERAL_CONVERSION = YES;
				CLANG_WARN_OBJC_ROOT_CLASS = YES_ERROR;
				CLANG_WARN_QUOTED_INCLUDE_IN_FRAMEWORK_HEADER = YES;
				CLANG_WARN_RANGE_LOOP_ANALYSIS = YES;
				CLANG_WARN_STRICT_PROTOTYPES = YES;
				CLANG_WARN_SUSPICIOUS_MOVE = YES;
				CLANG_WARN_UNGUARDED_AVAILABILITY = YES_AGGRESSIVE;
				CLANG_WARN_UNREACHABLE_CODE = YES;
				CLANG_WARN__DUPLICATE_METHOD_MATCH = YES;
				COPY_PHASE_STRIP = NO;
				DEBUG_INFORMATION_FORMAT = dwarf;
				ENABLE_STRICT_OBJC_MSGSEND = YES;
				ENABLE_TESTABILITY = YES;
				GCC_C_LANGUAGE_STANDARD = gnu11;
				GCC_DYNAMIC_NO_PIC = NO;
				GCC_NO_COMMON_BLOCKS = YES;
				GCC_OPTIMIZATION_LEVEL = 0;
				GCC_PREPROCESSOR_DEFINITIONS = (
					"DEBUG=1",
					"$(inherited)",
				);
				GCC_WARN_64_TO_32_BIT_CONVERSION = YES;
				GCC_WARN_ABOUT_RETURN_TYPE = YES_ERROR;
				GCC_WARN_UNDECLARED_SELECTOR = YES;
				GCC_WARN_UNINITIALIZED_AUTOS = YES_AGGRESSIVE;
				GCC_WARN_UNUSED_FUNCTION = YES;
				GCC_WARN_UNUSED_VARIABLE = YES;
				IPHONEOS_DEPLOYMENT_TARGET = 16.0;
				MTL_ENABLE_DEBUG_INFO = INCLUDE_SOURCE;
				MTL_FAST_MATH = YES;
				ONLY_ACTIVE_ARCH = YES;
				SDKROOT = iphoneos;
				SWIFT_ACTIVE_COMPILATION_CONDITIONS = DEBUG;
				SWIFT_OPTIMIZATION_LEVEL = "-Onone";
			};
			name = Debug;
		};
		684E05502909103B00E5ED2B /* Release */ = {
			isa = XCBuildConfiguration;
			buildSettings = {
				ALWAYS_SEARCH_USER_PATHS = NO;
				CLANG_ANALYZER_NONNULL = YES;
				CLANG_ANALYZER_NUMBER_OBJECT_CONVERSION = YES_AGGRESSIVE;
				CLANG_CXX_LANGUAGE_STANDARD = "gnu++20";
				CLANG_ENABLE_MODULES = YES;
				CLANG_ENABLE_OBJC_ARC = YES;
				CLANG_ENABLE_OBJC_WEAK = YES;
				CLANG_WARN_BLOCK_CAPTURE_AUTORELEASING = YES;
				CLANG_WARN_BOOL_CONVERSION = YES;
				CLANG_WARN_COMMA = YES;
				CLANG_WARN_CONSTANT_CONVERSION = YES;
				CLANG_WARN_DEPRECATED_OBJC_IMPLEMENTATIONS = YES;
				CLANG_WARN_DIRECT_OBJC_ISA_USAGE = YES_ERROR;
				CLANG_WARN_DOCUMENTATION_COMMENTS = YES;
				CLANG_WARN_EMPTY_BODY = YES;
				CLANG_WARN_ENUM_CONVERSION = YES;
				CLANG_WARN_INFINITE_RECURSION = YES;
				CLANG_WARN_INT_CONVERSION = YES;
				CLANG_WARN_NON_LITERAL_NULL_CONVERSION = YES;
				CLANG_WARN_OBJC_IMPLICIT_RETAIN_SELF = YES;
				CLANG_WARN_OBJC_LITERAL_CONVERSION = YES;
				CLANG_WARN_OBJC_ROOT_CLASS = YES_ERROR;
				CLANG_WARN_QUOTED_INCLUDE_IN_FRAMEWORK_HEADER = YES;
				CLANG_WARN_RANGE_LOOP_ANALYSIS = YES;
				CLANG_WARN_STRICT_PROTOTYPES = YES;
				CLANG_WARN_SUSPICIOUS_MOVE = YES;
				CLANG_WARN_UNGUARDED_AVAILABILITY = YES_AGGRESSIVE;
				CLANG_WARN_UNREACHABLE_CODE = YES;
				CLANG_WARN__DUPLICATE_METHOD_MATCH = YES;
				COPY_PHASE_STRIP = NO;
				DEBUG_INFORMATION_FORMAT = "dwarf-with-dsym";
				ENABLE_NS_ASSERTIONS = NO;
				ENABLE_STRICT_OBJC_MSGSEND = YES;
				GCC_C_LANGUAGE_STANDARD = gnu11;
				GCC_NO_COMMON_BLOCKS = YES;
				GCC_WARN_64_TO_32_BIT_CONVERSION = YES;
				GCC_WARN_ABOUT_RETURN_TYPE = YES_ERROR;
				GCC_WARN_UNDECLARED_SELECTOR = YES;
				GCC_WARN_UNINITIALIZED_AUTOS = YES_AGGRESSIVE;
				GCC_WARN_UNUSED_FUNCTION = YES;
				GCC_WARN_UNUSED_VARIABLE = YES;
				IPHONEOS_DEPLOYMENT_TARGET = 16.0;
				MTL_ENABLE_DEBUG_INFO = NO;
				MTL_FAST_MATH = YES;
				SDKROOT = iphoneos;
				SWIFT_COMPILATION_MODE = wholemodule;
				SWIFT_OPTIMIZATION_LEVEL = "-O";
				VALIDATE_PRODUCT = YES;
			};
			name = Release;
		};
		684E05522909103B00E5ED2B /* Debug */ = {
			isa = XCBuildConfiguration;
			buildSettings = {
				ASSETCATALOG_COMPILER_APPICON_NAME = AppIcon;
				ASSETCATALOG_COMPILER_GLOBAL_ACCENT_COLOR_NAME = AccentColor;
				CODE_SIGN_STYLE = Automatic;
				CURRENT_PROJECT_VERSION = 1;
				DEVELOPMENT_ASSET_PATHS = "\"SwiftConcurrencyBootcamp/Preview Content\"";
				DEVELOPMENT_TEAM = 39CM546LFY;
				ENABLE_PREVIEWS = YES;
				GENERATE_INFOPLIST_FILE = YES;
				INFOPLIST_KEY_UIApplicationSceneManifest_Generation = YES;
				INFOPLIST_KEY_UIApplicationSupportsIndirectInputEvents = YES;
				INFOPLIST_KEY_UILaunchScreen_Generation = YES;
				INFOPLIST_KEY_UISupportedInterfaceOrientations_iPad = "UIInterfaceOrientationPortrait UIInterfaceOrientationPortraitUpsideDown UIInterfaceOrientationLandscapeLeft UIInterfaceOrientationLandscapeRight";
				INFOPLIST_KEY_UISupportedInterfaceOrientations_iPhone = "UIInterfaceOrientationPortrait UIInterfaceOrientationLandscapeLeft UIInterfaceOrientationLandscapeRight";
				LD_RUNPATH_SEARCH_PATHS = (
					"$(inherited)",
					"@executable_path/Frameworks",
				);
				MARKETING_VERSION = 1.0;
				PRODUCT_BUNDLE_IDENTIFIER = com.project.SwiftConcurrencyBootcamp;
				PRODUCT_NAME = "$(TARGET_NAME)";
				SWIFT_EMIT_LOC_STRINGS = YES;
				SWIFT_VERSION = 5.0;
				TARGETED_DEVICE_FAMILY = "1,2";
			};
			name = Debug;
		};
		684E05532909103B00E5ED2B /* Release */ = {
			isa = XCBuildConfiguration;
			buildSettings = {
				ASSETCATALOG_COMPILER_APPICON_NAME = AppIcon;
				ASSETCATALOG_COMPILER_GLOBAL_ACCENT_COLOR_NAME = AccentColor;
				CODE_SIGN_STYLE = Automatic;
				CURRENT_PROJECT_VERSION = 1;
				DEVELOPMENT_ASSET_PATHS = "\"SwiftConcurrencyBootcamp/Preview Content\"";
				DEVELOPMENT_TEAM = 39CM546LFY;
				ENABLE_PREVIEWS = YES;
				GENERATE_INFOPLIST_FILE = YES;
				INFOPLIST_KEY_UIApplicationSceneManifest_Generation = YES;
				INFOPLIST_KEY_UIApplicationSupportsIndirectInputEvents = YES;
				INFOPLIST_KEY_UILaunchScreen_Generation = YES;
				INFOPLIST_KEY_UISupportedInterfaceOrientations_iPad = "UIInterfaceOrientationPortrait UIInterfaceOrientationPortraitUpsideDown UIInterfaceOrientationLandscapeLeft UIInterfaceOrientationLandscapeRight";
				INFOPLIST_KEY_UISupportedInterfaceOrientations_iPhone = "UIInterfaceOrientationPortrait UIInterfaceOrientationLandscapeLeft UIInterfaceOrientationLandscapeRight";
				LD_RUNPATH_SEARCH_PATHS = (
					"$(inherited)",
					"@executable_path/Frameworks",
				);
				MARKETING_VERSION = 1.0;
				PRODUCT_BUNDLE_IDENTIFIER = com.project.SwiftConcurrencyBootcamp;
				PRODUCT_NAME = "$(TARGET_NAME)";
				SWIFT_EMIT_LOC_STRINGS = YES;
				SWIFT_VERSION = 5.0;
				TARGETED_DEVICE_FAMILY = "1,2";
			};
			name = Release;
		};
/* End XCBuildConfiguration section */

/* Begin XCConfigurationList section */
		684E053E2909103900E5ED2B /* Build configuration list for PBXProject "SwiftConcurrencyBootcamp" */ = {
			isa = XCConfigurationList;
			buildConfigurations = (
				684E054F2909103B00E5ED2B /* Debug */,
				684E05502909103B00E5ED2B /* Release */,
			);
			defaultConfigurationIsVisible = 0;
			defaultConfigurationName = Release;
		};
		684E05512909103B00E5ED2B /* Build configuration list for PBXNativeTarget "SwiftConcurrencyBootcamp" */ = {
			isa = XCConfigurationList;
			buildConfigurations = (
				684E05522909103B00E5ED2B /* Debug */,
				684E05532909103B00E5ED2B /* Release */,
			);
			defaultConfigurationIsVisible = 0;
			defaultConfigurationName = Release;
		};
/* End XCConfigurationList section */
	};
	rootObject = 684E053B2909103900E5ED2B /* Project object */;
}
